<?xml version="1.0" encoding="utf-8"?>
<Project ToolsVersion="4.0" xmlns="http://schemas.microsoft.com/developer/msbuild/2003">
  <ItemGroup>
    <Filter Include="topo">
      <UniqueIdentifier>{87929E7C-73C9-9F0D-1CB6-851008CC1B0F}</UniqueIdentifier>
    </Filter>
  </ItemGroup>
  <ItemGroup>
    <ClInclude Include="src\Topo.h" />
    <ClInclude Include="src\topo\Application.h">
      <Filter>topo</Filter>
    </ClInclude>
    <ClInclude Include="src\topo\Core.h">
      <Filter>topo</Filter>
    </ClInclude>
    <ClInclude Include="src\topo\EntryPoint.h">
      <Filter>topo</Filter>
    </ClInclude>
    <ClInclude Include="src\topo\Log.h">
      <Filter>topo</Filter>
    </ClInclude>
    <ClInclude Include="src\topo\pch.h">
      <Filter>topo</Filter>
    </ClInclude>
  </ItemGroup>
  <ItemGroup>
    <ClCompile Include="src\topo\Application.cpp">
      <Filter>topo</Filter>
    </ClCompile>
  </ItemGroup>
</Project>