<?xml version="1.0" encoding="utf-8"?>
<Project ToolsVersion="4.0" xmlns="http://schemas.microsoft.com/developer/msbuild/2003">
  <ItemGroup>
    <Filter Include="topo">
      <UniqueIdentifier>{87929E7C-73C9-9F0D-1CB6-851008CC1B0F}</UniqueIdentifier>
    </Filter>
    <Filter Include="topo\controls">
      <UniqueIdentifier>{AABD8EE0-167E-0A17-DFB8-53944B384FF3}</UniqueIdentifier>
    </Filter>
    <Filter Include="topo\events">
      <UniqueIdentifier>{AB541897-170A-918C-A0FE-8A630CB38790}</UniqueIdentifier>
    </Filter>
    <Filter Include="topo\rendering">
      <UniqueIdentifier>{B490E264-A05E-D66A-89F2-4691755FB2CF}</UniqueIdentifier>
    </Filter>
    <Filter Include="topo\shaders">
      <UniqueIdentifier>{80E6DB8E-6C49-6B33-15CF-A3E9011137B6}</UniqueIdentifier>
    </Filter>
    <Filter Include="topo\utils">
      <UniqueIdentifier>{472DE3BF-33E5-240D-9CEC-FD6888C3BFFD}</UniqueIdentifier>
    </Filter>
  </ItemGroup>
  <ItemGroup>
    <ClInclude Include="src\Topo.h" />
    <ClInclude Include="src\pch.h" />
    <ClInclude Include="src\topo\Application.h">
      <Filter>topo</Filter>
    </ClInclude>
    <ClInclude Include="src\topo\Core.h">
      <Filter>topo</Filter>
    </ClInclude>
    <ClInclude Include="src\topo\DeviceResources.h">
      <Filter>topo</Filter>
    </ClInclude>
    <ClInclude Include="src\topo\EntryPoint.h">
      <Filter>topo</Filter>
    </ClInclude>
    <ClInclude Include="src\topo\Input.h">
      <Filter>topo</Filter>
    </ClInclude>
    <ClInclude Include="src\topo\KeyCode.h">
      <Filter>topo</Filter>
    </ClInclude>
    <ClInclude Include="src\topo\Layout.h">
      <Filter>topo</Filter>
    </ClInclude>
    <ClInclude Include="src\topo\Log.h">
      <Filter>topo</Filter>
    </ClInclude>
    <ClInclude Include="src\topo\Page.h">
      <Filter>topo</Filter>
    </ClInclude>
    <ClInclude Include="src\topo\TopoException.h">
      <Filter>topo</Filter>
    </ClInclude>
    <ClInclude Include="src\topo\Window.h">
      <Filter>topo</Filter>
    </ClInclude>
    <ClInclude Include="src\topo\controls\Button.h">
      <Filter>topo\controls</Filter>
    </ClInclude>
    <ClInclude Include="src\topo\controls\Control.h">
      <Filter>topo\controls</Filter>
    </ClInclude>
    <ClInclude Include="src\topo\events\MouseButtonEventKeyStates.h">
      <Filter>topo\events</Filter>
    </ClInclude>
    <ClInclude Include="src\topo\rendering\AssetManager.h">
      <Filter>topo\rendering</Filter>
    </ClInclude>
    <ClInclude Include="src\topo\rendering\Camera.h">
      <Filter>topo\rendering</Filter>
    </ClInclude>
    <ClInclude Include="src\topo\rendering\ComputeLayer.h">
      <Filter>topo\rendering</Filter>
    </ClInclude>
    <ClInclude Include="src\topo\rendering\ConstantBuffer.h">
      <Filter>topo\rendering</Filter>
    </ClInclude>
    <ClInclude Include="src\topo\rendering\DescriptorVector.h">
      <Filter>topo\rendering</Filter>
    </ClInclude>
    <ClInclude Include="src\topo\rendering\InputLayout.h">
      <Filter>topo\rendering</Filter>
    </ClInclude>
    <ClInclude Include="src\topo\rendering\MeshGroup.h">
      <Filter>topo\rendering</Filter>
    </ClInclude>
    <ClInclude Include="src\topo\rendering\MeshTEST.h">
      <Filter>topo\rendering</Filter>
    </ClInclude>
    <ClInclude Include="src\topo\rendering\RenderItem.h">
      <Filter>topo\rendering</Filter>
    </ClInclude>
    <ClInclude Include="src\topo\rendering\RenderPass.h">
      <Filter>topo\rendering</Filter>
    </ClInclude>
    <ClInclude Include="src\topo\rendering\RenderPassLayer.h">
      <Filter>topo\rendering</Filter>
    </ClInclude>
    <ClInclude Include="src\topo\rendering\Renderer.h">
      <Filter>topo\rendering</Filter>
    </ClInclude>
    <ClInclude Include="src\topo\rendering\RootConstantBufferView.h">
      <Filter>topo\rendering</Filter>
    </ClInclude>
    <ClInclude Include="src\topo\rendering\RootDescriptorTable.h">
      <Filter>topo\rendering</Filter>
    </ClInclude>
    <ClInclude Include="src\topo\rendering\RootSignature.h">
      <Filter>topo\rendering</Filter>
    </ClInclude>
    <ClInclude Include="src\topo\rendering\Shader.h">
      <Filter>topo\rendering</Filter>
    </ClInclude>
    <ClInclude Include="src\topo\utils\Concepts.h">
      <Filter>topo\utils</Filter>
    </ClInclude>
    <ClInclude Include="src\topo\utils\Constants.h">
      <Filter>topo\utils</Filter>
    </ClInclude>
    <ClInclude Include="src\topo\utils\DDSTextureLoader.h">
      <Filter>topo\utils</Filter>
    </ClInclude>
    <ClInclude Include="src\topo\utils\DxgiInfoManager.h">
      <Filter>topo\utils</Filter>
    </ClInclude>
    <ClInclude Include="src\topo\utils\GeometryGenerator.h">
      <Filter>topo\utils</Filter>
    </ClInclude>
    <ClInclude Include="src\topo\utils\MathHelper.h">
      <Filter>topo\utils</Filter>
    </ClInclude>
    <ClInclude Include="src\topo\utils\String.h">
      <Filter>topo\utils</Filter>
    </ClInclude>
    <ClInclude Include="src\topo\utils\Timer.h">
      <Filter>topo\utils</Filter>
    </ClInclude>
    <ClInclude Include="src\topo\utils\TranslateErrorCode.h">
      <Filter>topo\utils</Filter>
    </ClInclude>
    <ClInclude Include="src\topo\utils\WindowMessageMap.h">
      <Filter>topo\utils</Filter>
    </ClInclude>
    <ClInclude Include="src\topo\utils\d3dx12.h">
      <Filter>topo\utils</Filter>
    </ClInclude>
  </ItemGroup>
  <ItemGroup>
    <ClCompile Include="src\pch.cpp" />
    <ClCompile Include="src\topo\Application.cpp">
      <Filter>topo</Filter>
    </ClCompile>
    <ClCompile Include="src\topo\DeviceResources.cpp">
      <Filter>topo</Filter>
    </ClCompile>
    <ClCompile Include="src\topo\Input.cpp">
      <Filter>topo</Filter>
    </ClCompile>
    <ClCompile Include="src\topo\Layout.cpp">
      <Filter>topo</Filter>
    </ClCompile>
    <ClCompile Include="src\topo\Log.cpp">
      <Filter>topo</Filter>
    </ClCompile>
    <ClCompile Include="src\topo\Page.cpp">
      <Filter>topo</Filter>
    </ClCompile>
    <ClCompile Include="src\topo\TopoException.cpp">
      <Filter>topo</Filter>
    </ClCompile>
    <ClCompile Include="src\topo\Window.cpp">
      <Filter>topo</Filter>
    </ClCompile>
    <ClCompile Include="src\topo\controls\Button.cpp">
      <Filter>topo\controls</Filter>
    </ClCompile>
    <ClCompile Include="src\topo\controls\Control.cpp">
      <Filter>topo\controls</Filter>
    </ClCompile>
    <ClCompile Include="src\topo\events\MouseButtonEventKeyStates.cpp">
      <Filter>topo\events</Filter>
    </ClCompile>
    <ClCompile Include="src\topo\rendering\AssetManager.cpp">
      <Filter>topo\rendering</Filter>
    </ClCompile>
    <ClCompile Include="src\topo\rendering\Camera.cpp">
      <Filter>topo\rendering</Filter>
    </ClCompile>
    <ClCompile Include="src\topo\rendering\ComputeLayer.cpp">
      <Filter>topo\rendering</Filter>
    </ClCompile>
    <ClCompile Include="src\topo\rendering\DescriptorVector.cpp">
      <Filter>topo\rendering</Filter>
    </ClCompile>
    <ClCompile Include="src\topo\rendering\InputLayout.cpp">
      <Filter>topo\rendering</Filter>
    </ClCompile>
    <ClCompile Include="src\topo\rendering\MeshGroup.cpp">
      <Filter>topo\rendering</Filter>
    </ClCompile>
    <ClCompile Include="src\topo\rendering\MeshTEST.cpp">
      <Filter>topo\rendering</Filter>
    </ClCompile>
    <ClCompile Include="src\topo\rendering\RenderItem.cpp">
      <Filter>topo\rendering</Filter>
    </ClCompile>
    <ClCompile Include="src\topo\rendering\RenderPass.cpp">
      <Filter>topo\rendering</Filter>
    </ClCompile>
    <ClCompile Include="src\topo\rendering\RenderPassLayer.cpp">
      <Filter>topo\rendering</Filter>
    </ClCompile>
    <ClCompile Include="src\topo\rendering\Renderer.cpp">
      <Filter>topo\rendering</Filter>
    </ClCompile>
    <ClCompile Include="src\topo\rendering\RootConstantBufferView.cpp">
      <Filter>topo\rendering</Filter>
    </ClCompile>
    <ClCompile Include="src\topo\rendering\RootDescriptorTable.cpp">
      <Filter>topo\rendering</Filter>
    </ClCompile>
    <ClCompile Include="src\topo\rendering\RootSignature.cpp">
      <Filter>topo\rendering</Filter>
    </ClCompile>
    <ClCompile Include="src\topo\rendering\Shader.cpp">
      <Filter>topo\rendering</Filter>
    </ClCompile>
    <ClCompile Include="src\topo\utils\Concepts.cpp">
      <Filter>topo\utils</Filter>
    </ClCompile>
    <ClCompile Include="src\topo\utils\DDSTextureLoader.cpp">
      <Filter>topo\utils</Filter>
    </ClCompile>
    <ClCompile Include="src\topo\utils\DxgiInfoManager.cpp">
      <Filter>topo\utils</Filter>
    </ClCompile>
    <ClCompile Include="src\topo\utils\GeometryGenerator.cpp">
      <Filter>topo\utils</Filter>
    </ClCompile>
    <ClCompile Include="src\topo\utils\MathHelper.cpp">
      <Filter>topo\utils</Filter>
    </ClCompile>
    <ClCompile Include="src\topo\utils\String.cpp">
      <Filter>topo\utils</Filter>
    </ClCompile>
    <ClCompile Include="src\topo\utils\Timer.cpp">
      <Filter>topo\utils</Filter>
    </ClCompile>
    <ClCompile Include="src\topo\utils\TranslateErrorCode.cpp">
      <Filter>topo\utils</Filter>
    </ClCompile>
    <ClCompile Include="src\topo\utils\WindowMessageMap.cpp">
      <Filter>topo\utils</Filter>
    </ClCompile>
  </ItemGroup>
  <ItemGroup>
    <FxCompile Include="src\topo\shaders\Control-ps.hlsl">
      <Filter>topo\shaders</Filter>
    </FxCompile>
    <FxCompile Include="src\topo\shaders\Control-vs.hlsl">
      <Filter>topo\shaders</Filter>
    </FxCompile>
  </ItemGroup>
</Project>