<?xml version="1.0" encoding="utf-8"?>
<Project ToolsVersion="4.0" xmlns="http://schemas.microsoft.com/developer/msbuild/2003">
  <ItemGroup>
    <Filter Include="topo">
      <UniqueIdentifier>{87929E7C-73C9-9F0D-1CB6-851008CC1B0F}</UniqueIdentifier>
    </Filter>
    <Filter Include="topo\events">
      <UniqueIdentifier>{AB541897-170A-918C-A0FE-8A630CB38790}</UniqueIdentifier>
    </Filter>
  </ItemGroup>
  <ItemGroup>
    <ClInclude Include="src\Topo.h" />
    <ClInclude Include="src\pch.h" />
    <ClInclude Include="src\topo\Application.h">
      <Filter>topo</Filter>
    </ClInclude>
    <ClInclude Include="src\topo\Core.h">
      <Filter>topo</Filter>
    </ClInclude>
    <ClInclude Include="src\topo\EntryPoint.h">
      <Filter>topo</Filter>
    </ClInclude>
    <ClInclude Include="src\topo\Log.h">
      <Filter>topo</Filter>
    </ClInclude>
    <ClInclude Include="src\topo\Window.h">
      <Filter>topo</Filter>
    </ClInclude>
    <ClInclude Include="src\topo\events\MouseButtonEventKeyStates.h">
      <Filter>topo\events</Filter>
    </ClInclude>
    <ClInclude Include="src\topo\Page.h" />
    <ClInclude Include="src\topo\KeyCode.h" />
    <ClInclude Include="src\topo\Layout.h" />
    <ClInclude Include="src\topo\TopoException.h" />
    <ClInclude Include="src\topo\utils\Concepts.h" />
    <ClInclude Include="src\topo\utils\TranslateErrorCode.h" />
    <ClInclude Include="src\topo\utils\String.h" />
  </ItemGroup>
  <ItemGroup>
    <ClCompile Include="src\pch.cpp" />
    <ClCompile Include="src\topo\Application.cpp">
      <Filter>topo</Filter>
    </ClCompile>
    <ClCompile Include="src\topo\Log.cpp">
      <Filter>topo</Filter>
    </ClCompile>
    <ClCompile Include="src\topo\Window.cpp">
      <Filter>topo</Filter>
    </ClCompile>
    <ClCompile Include="src\topo\events\MouseButtonEventKeyStates.cpp">
      <Filter>topo\events</Filter>
    </ClCompile>
    <ClCompile Include="src\topo\Page.cpp" />
    <ClCompile Include="src\topo\Layout.cpp" />
    <ClCompile Include="src\topo\TopoException.cpp" />
    <ClCompile Include="src\topo\utils\Concepts.cpp" />
    <ClCompile Include="src\topo\utils\TranslateErrorCode.cpp" />
    <ClCompile Include="src\topo\utils\String.cpp" />
  </ItemGroup>
</Project>